
Microsoft Visual Studio Solution File, Format Version 12.00
# Visual Studio Version 16
VisualStudioVersion = 16.0.30011.22
MinimumVisualStudioVersion = 10.0.40219.1
Project("{9A19103F-16F7-4668-BE54-9A1E7A4F7556}") = "RestaurantBookingSystem_V1.0.0", "RestaurantBookingSystem_V1.0.0\RestaurantBookingSystem_V1.0.0.csproj", "{78AD9A32-BCE4-4C6F-B29C-D77169767D19}"
EndProject
Global
	GlobalSection(SolutionConfigurationPlatforms) = preSolution
		Debug|Any CPU = Debug|Any CPU
		Release|Any CPU = Release|Any CPU
	EndGlobalSection
	GlobalSection(ProjectConfigurationPlatforms) = postSolution
		{78AD9A32-BCE4-4C6F-B29C-D77169767D19}.Debug|Any CPU.ActiveCfg = Debug|Any CPU
		{78AD9A32-BCE4-4C6F-B29C-D77169767D19}.Debug|Any CPU.Build.0 = Debug|Any CPU
		{78AD9A32-BCE4-4C6F-B29C-D77169767D19}.Release|Any CPU.ActiveCfg = Release|Any CPU
		{78AD9A32-BCE4-4C6F-B29C-D77169767D19}.Release|Any CPU.Build.0 = Release|Any CPU
	EndGlobalSection
	GlobalSection(SolutionProperties) = preSolution
		HideSolutionNode = FALSE
	EndGlobalSection
	GlobalSection(ExtensibilityGlobals) = postSolution
		SolutionGuid = {0BC56D13-D8FD-486F-A621-F8671B2266FF}
	EndGlobalSection
	GlobalSection(TeamFoundationVersionControl) = preSolution
		SccNumberOfProjects = 2
		SccEnterpriseProvider = {4CA58AB2-18FA-4F8D-95D4-32DDF27D184C}
		SccTeamFoundationServer = https://dev.azure.com/christophergantert
		SccLocalPath0 = .
		SccProjectUniqueName1 = RestaurantBookingSystem_V1.0.0\\RestaurantBookingSystem_V1.0.0.csproj
		SccProjectName1 = RestaurantBookingSystem_V1.0.0
		SccLocalPath1 = RestaurantBookingSystem_V1.0.0
	EndGlobalSection
EndGlobal
